
Microsoft Visual Studio Solution File, Format Version 12.00
# Visual Studio Version 16
VisualStudioVersion = 16.0.30717.126
MinimumVisualStudioVersion = 10.0.40219.1
Project("{E24C65DC-7377-472B-9ABA-BC803B73C61A}") = "MisaWeb", ".", "{CF26FA1B-8CE5-4779-8C8B-BF6BFE5B5A99}"
	ProjectSection(WebsiteProperties) = preProject
		TargetFrameworkMoniker = ".NETFramework,Version%3Dv4.0"
		Debug.AspNetCompiler.VirtualPath = "/localhost_61544"
		Debug.AspNetCompiler.PhysicalPath = "D:\Nhungtth\HongNhung-MS3-05\MisaWeb\"
		Debug.AspNetCompiler.TargetPath = "PrecompiledWeb\localhost_61544\"
		Debug.AspNetCompiler.Updateable = "true"
		Debug.AspNetCompiler.ForceOverwrite = "true"
		Debug.AspNetCompiler.FixedNames = "false"
		Debug.AspNetCompiler.Debug = "True"
		Release.AspNetCompiler.VirtualPath = "/localhost_61544"
		Release.AspNetCompiler.PhysicalPath = "D:\Nhungtth\HongNhung-MS3-05\MisaWeb\"
		Release.AspNetCompiler.TargetPath = "PrecompiledWeb\localhost_61544\"
		Release.AspNetCompiler.Updateable = "true"
		Release.AspNetCompiler.ForceOverwrite = "true"
		Release.AspNetCompiler.FixedNames = "false"
		Release.AspNetCompiler.Debug = "False"
		VWDPort = "61544"
		SlnRelativePath = "D:\Nhungtth\HongNhung-MS3-05\MisaWeb\"
	EndProjectSection
EndProject
Global
	GlobalSection(SolutionConfigurationPlatforms) = preSolution
		Debug|Any CPU = Debug|Any CPU
	EndGlobalSection
	GlobalSection(ProjectConfigurationPlatforms) = postSolution
		{CF26FA1B-8CE5-4779-8C8B-BF6BFE5B5A99}.Debug|Any CPU.ActiveCfg = Debug|Any CPU
		{CF26FA1B-8CE5-4779-8C8B-BF6BFE5B5A99}.Debug|Any CPU.Build.0 = Debug|Any CPU
	EndGlobalSection
	GlobalSection(SolutionProperties) = preSolution
		HideSolutionNode = FALSE
	EndGlobalSection
	GlobalSection(ExtensibilityGlobals) = postSolution
		SolutionGuid = {64F23333-FF63-421D-81D2-7E6217514729}
	EndGlobalSection
EndGlobal
